
Microsoft Visual Studio Solution File, Format Version 12.00
# Visual Studio 15
VisualStudioVersion = 15.0.28307.572
MinimumVisualStudioVersion = 10.0.40219.1
Project("{FAE04EC0-301F-11D3-BF4B-00C04F79EFBC}") = "Classes", "Class\Classes.csproj", "{23452D8B-7AD5-42D3-BA67-5BD45271F8F9}"
EndProject
Project("{FAE04EC0-301F-11D3-BF4B-00C04F79EFBC}") = "Classes2", "Classes2\Classes2.csproj", "{54D264CE-C27D-444F-95AE-7DCFAB146466}"
EndProject
Project("{FAE04EC0-301F-11D3-BF4B-00C04F79EFBC}") = "OOPFirstExample", "OOPFirstExample\OOPFirstExample.csproj", "{C1F62FEF-293D-436B-807F-5183669D5640}"
EndProject
Project("{FAE04EC0-301F-11D3-BF4B-00C04F79EFBC}") = "Interfaces", "Interfaces\Interfaces.csproj", "{ACA100AD-EB37-41C8-8EBE-198F0FB628FD}"
EndProject
Project("{FAE04EC0-301F-11D3-BF4B-00C04F79EFBC}") = "Interfaces2", "Interfaces2\Interfaces2.csproj", "{F97D7EF3-65C7-4FAD-9239-E0DBBA330B3C}"
EndProject
Project("{FAE04EC0-301F-11D3-BF4B-00C04F79EFBC}") = "Polymorphism", "Polymorphism\Polymorphism.csproj", "{63B7ECB6-D1E2-41E8-9AD1-0E7F509D0A2F}"
EndProject
Project("{FAE04EC0-301F-11D3-BF4B-00C04F79EFBC}") = "InterfacesDemo", "InterfacesDemo\InterfacesDemo.csproj", "{E178A1B0-4B72-49B0-8C4C-C25D5312B6AA}"
EndProject
Project("{FAE04EC0-301F-11D3-BF4B-00C04F79EFBC}") = "Inheritance", "Inheritance\Inheritance.csproj", "{958FF771-4F1A-4C32-B276-4B3BADC7BA29}"
EndProject
Project("{FAE04EC0-301F-11D3-BF4B-00C04F79EFBC}") = "VirtualMethods", "VirtualMethods\VirtualMethods.csproj", "{FC154A64-E9EB-460A-8CFF-3ACBD8BFD6BC}"
EndProject
Project("{FAE04EC0-301F-11D3-BF4B-00C04F79EFBC}") = "AbstractClasses", "AbstractClasses\AbstractClasses.csproj", "{BE895D16-EF88-47DD-95FE-6F06B3EEA847}"
EndProject
Project("{FAE04EC0-301F-11D3-BF4B-00C04F79EFBC}") = "OOPSecondExample", "OOPSecondExample\OOPSecondExample.csproj", "{D7161A8A-78DF-4DD5-8CA2-237F48F22E57}"
EndProject
Global
	GlobalSection(SolutionConfigurationPlatforms) = preSolution
		Debug|Any CPU = Debug|Any CPU
		Release|Any CPU = Release|Any CPU
	EndGlobalSection
	GlobalSection(ProjectConfigurationPlatforms) = postSolution
		{23452D8B-7AD5-42D3-BA67-5BD45271F8F9}.Debug|Any CPU.ActiveCfg = Debug|Any CPU
		{23452D8B-7AD5-42D3-BA67-5BD45271F8F9}.Debug|Any CPU.Build.0 = Debug|Any CPU
		{23452D8B-7AD5-42D3-BA67-5BD45271F8F9}.Release|Any CPU.ActiveCfg = Release|Any CPU
		{23452D8B-7AD5-42D3-BA67-5BD45271F8F9}.Release|Any CPU.Build.0 = Release|Any CPU
		{54D264CE-C27D-444F-95AE-7DCFAB146466}.Debug|Any CPU.ActiveCfg = Debug|Any CPU
		{54D264CE-C27D-444F-95AE-7DCFAB146466}.Debug|Any CPU.Build.0 = Debug|Any CPU
		{54D264CE-C27D-444F-95AE-7DCFAB146466}.Release|Any CPU.ActiveCfg = Release|Any CPU
		{54D264CE-C27D-444F-95AE-7DCFAB146466}.Release|Any CPU.Build.0 = Release|Any CPU
		{C1F62FEF-293D-436B-807F-5183669D5640}.Debug|Any CPU.ActiveCfg = Debug|Any CPU
		{C1F62FEF-293D-436B-807F-5183669D5640}.Debug|Any CPU.Build.0 = Debug|Any CPU
		{C1F62FEF-293D-436B-807F-5183669D5640}.Release|Any CPU.ActiveCfg = Release|Any CPU
		{C1F62FEF-293D-436B-807F-5183669D5640}.Release|Any CPU.Build.0 = Release|Any CPU
		{ACA100AD-EB37-41C8-8EBE-198F0FB628FD}.Debug|Any CPU.ActiveCfg = Debug|Any CPU
		{ACA100AD-EB37-41C8-8EBE-198F0FB628FD}.Debug|Any CPU.Build.0 = Debug|Any CPU
		{ACA100AD-EB37-41C8-8EBE-198F0FB628FD}.Release|Any CPU.ActiveCfg = Release|Any CPU
		{ACA100AD-EB37-41C8-8EBE-198F0FB628FD}.Release|Any CPU.Build.0 = Release|Any CPU
		{F97D7EF3-65C7-4FAD-9239-E0DBBA330B3C}.Debug|Any CPU.ActiveCfg = Debug|Any CPU
		{F97D7EF3-65C7-4FAD-9239-E0DBBA330B3C}.Debug|Any CPU.Build.0 = Debug|Any CPU
		{F97D7EF3-65C7-4FAD-9239-E0DBBA330B3C}.Release|Any CPU.ActiveCfg = Release|Any CPU
		{F97D7EF3-65C7-4FAD-9239-E0DBBA330B3C}.Release|Any CPU.Build.0 = Release|Any CPU
		{63B7ECB6-D1E2-41E8-9AD1-0E7F509D0A2F}.Debug|Any CPU.ActiveCfg = Debug|Any CPU
		{63B7ECB6-D1E2-41E8-9AD1-0E7F509D0A2F}.Debug|Any CPU.Build.0 = Debug|Any CPU
		{63B7ECB6-D1E2-41E8-9AD1-0E7F509D0A2F}.Release|Any CPU.ActiveCfg = Release|Any CPU
		{63B7ECB6-D1E2-41E8-9AD1-0E7F509D0A2F}.Release|Any CPU.Build.0 = Release|Any CPU
		{E178A1B0-4B72-49B0-8C4C-C25D5312B6AA}.Debug|Any CPU.ActiveCfg = Debug|Any CPU
		{E178A1B0-4B72-49B0-8C4C-C25D5312B6AA}.Debug|Any CPU.Build.0 = Debug|Any CPU
		{E178A1B0-4B72-49B0-8C4C-C25D5312B6AA}.Release|Any CPU.ActiveCfg = Release|Any CPU
		{E178A1B0-4B72-49B0-8C4C-C25D5312B6AA}.Release|Any CPU.Build.0 = Release|Any CPU
		{958FF771-4F1A-4C32-B276-4B3BADC7BA29}.Debug|Any CPU.ActiveCfg = Debug|Any CPU
		{958FF771-4F1A-4C32-B276-4B3BADC7BA29}.Debug|Any CPU.Build.0 = Debug|Any CPU
		{958FF771-4F1A-4C32-B276-4B3BADC7BA29}.Release|Any CPU.ActiveCfg = Release|Any CPU
		{958FF771-4F1A-4C32-B276-4B3BADC7BA29}.Release|Any CPU.Build.0 = Release|Any CPU
		{FC154A64-E9EB-460A-8CFF-3ACBD8BFD6BC}.Debug|Any CPU.ActiveCfg = Debug|Any CPU
		{FC154A64-E9EB-460A-8CFF-3ACBD8BFD6BC}.Debug|Any CPU.Build.0 = Debug|Any CPU
		{FC154A64-E9EB-460A-8CFF-3ACBD8BFD6BC}.Release|Any CPU.ActiveCfg = Release|Any CPU
		{FC154A64-E9EB-460A-8CFF-3ACBD8BFD6BC}.Release|Any CPU.Build.0 = Release|Any CPU
		{BE895D16-EF88-47DD-95FE-6F06B3EEA847}.Debug|Any CPU.ActiveCfg = Debug|Any CPU
		{BE895D16-EF88-47DD-95FE-6F06B3EEA847}.Debug|Any CPU.Build.0 = Debug|Any CPU
		{BE895D16-EF88-47DD-95FE-6F06B3EEA847}.Release|Any CPU.ActiveCfg = Release|Any CPU
		{BE895D16-EF88-47DD-95FE-6F06B3EEA847}.Release|Any CPU.Build.0 = Release|Any CPU
		{D7161A8A-78DF-4DD5-8CA2-237F48F22E57}.Debug|Any CPU.ActiveCfg = Debug|Any CPU
		{D7161A8A-78DF-4DD5-8CA2-237F48F22E57}.Debug|Any CPU.Build.0 = Debug|Any CPU
		{D7161A8A-78DF-4DD5-8CA2-237F48F22E57}.Release|Any CPU.ActiveCfg = Release|Any CPU
		{D7161A8A-78DF-4DD5-8CA2-237F48F22E57}.Release|Any CPU.Build.0 = Release|Any CPU
	EndGlobalSection
	GlobalSection(SolutionProperties) = preSolution
		HideSolutionNode = FALSE
	EndGlobalSection
	GlobalSection(ExtensibilityGlobals) = postSolution
		SolutionGuid = {D71F7349-9C02-4F5C-AB6B-6E2EF7D670E6}
	EndGlobalSection
EndGlobal
